Microsoft Visual Studio Solution File, Format Version 11.00
# Visual Studio 2008

Project("{A2C3F08D-806E-B20A-EB9C-9E613994DCE0}") = "project02_玉転がし_unity5.3", "Assembly-CSharp.csproj", "{5F700D4A-3E21-202E-E628-B296DC38B8E3}"
EndProject
Global
	GlobalSection(SolutionConfigurationPlatforms) = preSolution
		Debug|Any CPU = Debug|Any CPU
		Release|Any CPU = Release|Any CPU
	EndGlobalSection
	GlobalSection(ProjectConfigurationPlatforms) = postSolution
		{5F700D4A-3E21-202E-E628-B296DC38B8E3}.Debug|Any CPU.ActiveCfg = Debug|Any CPU
		{5F700D4A-3E21-202E-E628-B296DC38B8E3}.Debug|Any CPU.Build.0 = Debug|Any CPU
		{5F700D4A-3E21-202E-E628-B296DC38B8E3}.Release|Any CPU.ActiveCfg = Release|Any CPU
		{5F700D4A-3E21-202E-E628-B296DC38B8E3}.Release|Any CPU.Build.0 = Release|Any CPU
	EndGlobalSection
	GlobalSection(SolutionProperties) = preSolution
		HideSolutionNode = FALSE
	EndGlobalSection
	GlobalSection(MonoDevelopProperties) = preSolution
		StartupItem = Assembly-CSharp.csproj
	EndGlobalSection
EndGlobal
