Microsoft Visual Studio Solution File, Format Version 11.00
# Visual Studio 2008

Project("{26437903-B61B-5009-B853-37D5DDB7018B}") = "project01_ブロック崩し unity5.3", "Assembly-CSharp.csproj", "{5C5D51F3-9A3D-6CEB-0882-3B9E99116EF7}"
EndProject
Global
	GlobalSection(SolutionConfigurationPlatforms) = preSolution
		Debug|Any CPU = Debug|Any CPU
		Release|Any CPU = Release|Any CPU
	EndGlobalSection
	GlobalSection(ProjectConfigurationPlatforms) = postSolution
		{5C5D51F3-9A3D-6CEB-0882-3B9E99116EF7}.Debug|Any CPU.ActiveCfg = Debug|Any CPU
		{5C5D51F3-9A3D-6CEB-0882-3B9E99116EF7}.Debug|Any CPU.Build.0 = Debug|Any CPU
		{5C5D51F3-9A3D-6CEB-0882-3B9E99116EF7}.Release|Any CPU.ActiveCfg = Release|Any CPU
		{5C5D51F3-9A3D-6CEB-0882-3B9E99116EF7}.Release|Any CPU.Build.0 = Release|Any CPU
	EndGlobalSection
	GlobalSection(SolutionProperties) = preSolution
		HideSolutionNode = FALSE
	EndGlobalSection
	GlobalSection(MonoDevelopProperties) = preSolution
		StartupItem = Assembly-CSharp.csproj
	EndGlobalSection
EndGlobal
