Microsoft Visual Studio Solution File, Format Version 11.00
# Visual Studio 2008

Project("{F43B3861-6C83-582A-00E4-6CA307A9C3BB}") = "ブロック崩し unity5.3 tateno", "Assembly-CSharp.csproj", "{DC65F251-DBFB-48E4-BC4B-03FAFF2A64A9}"
EndProject
Global
	GlobalSection(SolutionConfigurationPlatforms) = preSolution
		Debug|Any CPU = Debug|Any CPU
		Release|Any CPU = Release|Any CPU
	EndGlobalSection
	GlobalSection(ProjectConfigurationPlatforms) = postSolution
		{DC65F251-DBFB-48E4-BC4B-03FAFF2A64A9}.Debug|Any CPU.ActiveCfg = Debug|Any CPU
		{DC65F251-DBFB-48E4-BC4B-03FAFF2A64A9}.Debug|Any CPU.Build.0 = Debug|Any CPU
		{DC65F251-DBFB-48E4-BC4B-03FAFF2A64A9}.Release|Any CPU.ActiveCfg = Release|Any CPU
		{DC65F251-DBFB-48E4-BC4B-03FAFF2A64A9}.Release|Any CPU.Build.0 = Release|Any CPU
	EndGlobalSection
	GlobalSection(SolutionProperties) = preSolution
		HideSolutionNode = FALSE
	EndGlobalSection
	GlobalSection(MonoDevelopProperties) = preSolution
		StartupItem = Assembly-CSharp.csproj
	EndGlobalSection
EndGlobal
